
Microsoft Visual Studio Solution File, Format Version 12.00
# Visual Studio 15
VisualStudioVersion = 15.0.26730.16
MinimumVisualStudioVersion = 10.0.40219.1
Project("{FAE04EC0-301F-11D3-BF4B-00C04F79EFBC}") = "MazeRunner", "MazeRunner\MazeRunner.csproj", "{BA2CC1B3-60F1-4C78-AAD0-C93A2FE38E28}"
EndProject
Global
	GlobalSection(SolutionConfigurationPlatforms) = preSolution
		Debug|Any CPU = Debug|Any CPU
		Release|Any CPU = Release|Any CPU
	EndGlobalSection
	GlobalSection(ProjectConfigurationPlatforms) = postSolution
		{BA2CC1B3-60F1-4C78-AAD0-C93A2FE38E28}.Debug|Any CPU.ActiveCfg = Debug|Any CPU
		{BA2CC1B3-60F1-4C78-AAD0-C93A2FE38E28}.Debug|Any CPU.Build.0 = Debug|Any CPU
		{BA2CC1B3-60F1-4C78-AAD0-C93A2FE38E28}.Release|Any CPU.ActiveCfg = Release|Any CPU
		{BA2CC1B3-60F1-4C78-AAD0-C93A2FE38E28}.Release|Any CPU.Build.0 = Release|Any CPU
	EndGlobalSection
	GlobalSection(SolutionProperties) = preSolution
		HideSolutionNode = FALSE
	EndGlobalSection
	GlobalSection(ExtensibilityGlobals) = postSolution
		SolutionGuid = {8EF007A0-17C7-44F5-BC7E-6C91572E9AA4}
	EndGlobalSection
EndGlobal
